{
  "name": "restomenum-sample-plugin",
  "version": "1.1.0",
  "lockfileVersion": 3,
  "requires": true,
  "packages": {
    "": {
      "name": "restomenum-sample-plugin",
      "version": "1.1.0",
      "dependencies": {
        "@restomenum/plugin-sdk": "^1.2.0"
      },
      "engines": {
        "node": ">=20"
      }
    },
    "node_modules/@restomenum/plugin-sdk": {
      "version": "1.2.0",
      "resolved": "https://registry.npmjs.org/@restomenum/plugin-sdk/-/plugin-sdk-1.2.0.tgz",
      "integrity": "sha512-5Re/DN0DDRXvAvhZTPfYDbPP6xKzTX0RIZ94ZcUkhjB6sdzjWh16w18ugrQ3DrKvJ/+bUtqV3ifD5gge69CNrw==",
      "license": "MIT",
      "engines": {
        "node": ">=20"
      }
    }
  }
}
